
Microsoft Visual Studio Solution File, Format Version 12.00
# Visual Studio Version 17
VisualStudioVersion = 17.10.35004.147
MinimumVisualStudioVersion = 10.0.40219.1
Project("{9A19103F-16F7-4668-BE54-9A1E7A4F7556}") = "PracticalToolkit.WPF.Samples", "src\PracticalToolkit.WPF.Samples\PracticalToolkit.WPF.Samples.csproj", "{8E256618-45D0-4A2A-82E4-2DFF27613DC1}"
EndProject
Project("{9A19103F-16F7-4668-BE54-9A1E7A4F7556}") = "PracticalToolkit.WPF", "src\PracticalToolkit.WPF\PracticalToolkit.WPF.csproj", "{544DF0AC-93DF-485E-B6A8-823CFBA32FB7}"
EndProject
Project("{FAE04EC0-301F-11D3-BF4B-00C04F79EFBC}") = "PracticalToolkit.Screenshot", "src\PracticalToolkit.Screenshot\PracticalToolkit.Screenshot.csproj", "{472002BC-0B9C-4760-869F-3E6566A2C07E}"
EndProject
Project("{9A19103F-16F7-4668-BE54-9A1E7A4F7556}") = "PracticalToolkit", "src\PracticalToolkit\PracticalToolkit.csproj", "{8C39C5CD-A8D1-4528-9FCE-0190BD515466}"
EndProject
Project("{2150E333-8FDC-42A3-9474-1A3956D46DE8}") = "src", "src", "{6E5BF389-3D3F-4D74-9DD0-3B199CB529C5}"
	ProjectSection(SolutionItems) = preProject
		src\Directory.Build.props = src\Directory.Build.props
	EndProjectSection
EndProject
Project("{2150E333-8FDC-42A3-9474-1A3956D46DE8}") = "tests", "tests", "{9CAA231D-7BE1-46C9-ACD6-EB2E569CEBEA}"
	ProjectSection(SolutionItems) = preProject
		tests\Directory.Build.props = tests\Directory.Build.props
	EndProjectSection
EndProject
Project("{2150E333-8FDC-42A3-9474-1A3956D46DE8}") = "Solution Items", "Solution Items", "{94FE90BF-FA05-46C6-A207-6E454A236659}"
	ProjectSection(SolutionItems) = preProject
		.gitignore = .gitignore
		Directory.Build.props = Directory.Build.props
		.github\workflows\dotnet.yml = .github\workflows\dotnet.yml
		LICENSE = LICENSE
		nuget.png = nuget.png
		README.md = README.md
	EndProjectSection
EndProject
Project("{9A19103F-16F7-4668-BE54-9A1E7A4F7556}") = "PracticalToolkit.UnitTests", "tests\PracticalToolkit.UnitTests\PracticalToolkit.UnitTests.csproj", "{F2548AE2-D736-4C21-942F-55C4F592EFF2}"
EndProject
Global
	GlobalSection(SolutionConfigurationPlatforms) = preSolution
		Debug|Any CPU = Debug|Any CPU
		Release|Any CPU = Release|Any CPU
	EndGlobalSection
	GlobalSection(ProjectConfigurationPlatforms) = postSolution
		{8E256618-45D0-4A2A-82E4-2DFF27613DC1}.Debug|Any CPU.ActiveCfg = Debug|Any CPU
		{8E256618-45D0-4A2A-82E4-2DFF27613DC1}.Debug|Any CPU.Build.0 = Debug|Any CPU
		{8E256618-45D0-4A2A-82E4-2DFF27613DC1}.Release|Any CPU.ActiveCfg = Release|Any CPU
		{8E256618-45D0-4A2A-82E4-2DFF27613DC1}.Release|Any CPU.Build.0 = Release|Any CPU
		{544DF0AC-93DF-485E-B6A8-823CFBA32FB7}.Debug|Any CPU.ActiveCfg = Debug|Any CPU
		{544DF0AC-93DF-485E-B6A8-823CFBA32FB7}.Debug|Any CPU.Build.0 = Debug|Any CPU
		{544DF0AC-93DF-485E-B6A8-823CFBA32FB7}.Release|Any CPU.ActiveCfg = Release|Any CPU
		{544DF0AC-93DF-485E-B6A8-823CFBA32FB7}.Release|Any CPU.Build.0 = Release|Any CPU
		{8C39C5CD-A8D1-4528-9FCE-0190BD515466}.Debug|Any CPU.ActiveCfg = Debug|Any CPU
		{8C39C5CD-A8D1-4528-9FCE-0190BD515466}.Debug|Any CPU.Build.0 = Debug|Any CPU
		{8C39C5CD-A8D1-4528-9FCE-0190BD515466}.Release|Any CPU.ActiveCfg = Release|Any CPU
		{8C39C5CD-A8D1-4528-9FCE-0190BD515466}.Release|Any CPU.Build.0 = Release|Any CPU
		{F2548AE2-D736-4C21-942F-55C4F592EFF2}.Debug|Any CPU.ActiveCfg = Debug|Any CPU
		{F2548AE2-D736-4C21-942F-55C4F592EFF2}.Debug|Any CPU.Build.0 = Debug|Any CPU
		{F2548AE2-D736-4C21-942F-55C4F592EFF2}.Release|Any CPU.ActiveCfg = Release|Any CPU
		{F2548AE2-D736-4C21-942F-55C4F592EFF2}.Release|Any CPU.Build.0 = Release|Any CPU
		{472002BC-0B9C-4760-869F-3E6566A2C07E}.Debug|Any CPU.ActiveCfg = Debug|Any CPU
		{472002BC-0B9C-4760-869F-3E6566A2C07E}.Debug|Any CPU.Build.0 = Debug|Any CPU
		{472002BC-0B9C-4760-869F-3E6566A2C07E}.Release|Any CPU.ActiveCfg = Release|Any CPU
		{472002BC-0B9C-4760-869F-3E6566A2C07E}.Release|Any CPU.Build.0 = Release|Any CPU
	EndGlobalSection
	GlobalSection(SolutionProperties) = preSolution
		HideSolutionNode = FALSE
	EndGlobalSection
	GlobalSection(NestedProjects) = preSolution
		{8E256618-45D0-4A2A-82E4-2DFF27613DC1} = {6E5BF389-3D3F-4D74-9DD0-3B199CB529C5}
		{544DF0AC-93DF-485E-B6A8-823CFBA32FB7} = {6E5BF389-3D3F-4D74-9DD0-3B199CB529C5}
		{8C39C5CD-A8D1-4528-9FCE-0190BD515466} = {6E5BF389-3D3F-4D74-9DD0-3B199CB529C5}
		{F2548AE2-D736-4C21-942F-55C4F592EFF2} = {9CAA231D-7BE1-46C9-ACD6-EB2E569CEBEA}
		{472002BC-0B9C-4760-869F-3E6566A2C07E} = {6E5BF389-3D3F-4D74-9DD0-3B199CB529C5}
	EndGlobalSection
	GlobalSection(ExtensibilityGlobals) = postSolution
		SolutionGuid = {1493AEE4-9211-46E9-BFE6-8F629EAC5693}
	EndGlobalSection
EndGlobal
